// !$*UTF8*$!
{
	archiveVersion = 1;
	classes = {
	};
	objectVersion = 56;
	objects = {

/* Begin PBXBuildFile section */
		E5AEB12329D7FC2900E32865 /* To_doApp.swift in Sources */ = {isa = PBXBuildFile; fileRef = E5AEB12229D7FC2900E32865 /* To_doApp.swift */; };
		E5AEB12529D7FC2900E32865 /* mainview.swift in Sources */ = {isa = PBXBuildFile; fileRef = E5AEB12429D7FC2900E32865 /* mainview.swift */; };
		E5AEB12729D7FC2A00E32865 /* Assets.xcassets in Resources */ = {isa = PBXBuildFile; fileRef = E5AEB12629D7FC2A00E32865 /* Assets.xcassets */; };
		E5AEB12A29D7FC2A00E32865 /* Preview Assets.xcassets in Resources */ = {isa = PBXBuildFile; fileRef = E5AEB12929D7FC2A00E32865 /* Preview Assets.xcassets */; };
		E5AEB13429D7FC2A00E32865 /* To_doTests.swift in Sources */ = {isa = PBXBuildFile; fileRef = E5AEB13329D7FC2A00E32865 /* To_doTests.swift */; };
		E5AEB13E29D7FC2A00E32865 /* To_doUITests.swift in Sources */ = {isa = PBXBuildFile; fileRef = E5AEB13D29D7FC2A00E32865 /* To_doUITests.swift */; };
		E5AEB14029D7FC2A00E32865 /* To_doUITestsLaunchTests.swift in Sources */ = {isa = PBXBuildFile; fileRef = E5AEB13F29D7FC2A00E32865 /* To_doUITestsLaunchTests.swift */; };
		E5AEB14D29D8021800E32865 /* Secondview.swift in Sources */ = {isa = PBXBuildFile; fileRef = E5AEB14C29D8021800E32865 /* Secondview.swift */; };
/* End PBXBuildFile section */

/* Begin PBXContainerItemProxy section */
		E5AEB13029D7FC2A00E32865 /* PBXContainerItemProxy */ = {
			isa = PBXContainerItemProxy;
			containerPortal = E5AEB11729D7FC2900E32865 /* Project object */;
			proxyType = 1;
			remoteGlobalIDString = E5AEB11E29D7FC2900E32865;
			remoteInfo = "To-do";
		};
		E5AEB13A29D7FC2A00E32865 /* PBXContainerItemProxy */ = {
			isa = PBXContainerItemProxy;
			containerPortal = E5AEB11729D7FC2900E32865 /* Project object */;
			proxyType = 1;
			remoteGlobalIDString = E5AEB11E29D7FC2900E32865;
			remoteInfo = "To-do";
		};
/* End PBXContainerItemProxy section */

/* Begin PBXFileReference section */
		E5AEB11F29D7FC2900E32865 /* To-do.app */ = {isa = PBXFileReference; explicitFileType = wrapper.application; includeInIndex = 0; path = "To-do.app"; sourceTree = BUILT_PRODUCTS_DIR; };
		E5AEB12229D7FC2900E32865 /* To_doApp.swift */ = {isa = PBXFileReference; lastKnownFileType = sourcecode.swift; path = To_doApp.swift; sourceTree = "<group>"; };
		E5AEB12429D7FC2900E32865 /* mainview.swift */ = {isa = PBXFileReference; lastKnownFileType = sourcecode.swift; path = mainview.swift; sourceTree = "<group>"; };
		E5AEB12629D7FC2A00E32865 /* Assets.xcassets */ = {isa = PBXFileReference; lastKnownFileType = folder.assetcatalog; path = Assets.xcassets; sourceTree = "<group>"; };
		E5AEB12929D7FC2A00E32865 /* Preview Assets.xcassets */ = {isa = PBXFileReference; lastKnownFileType = folder.assetcatalog; path = "Preview Assets.xcassets"; sourceTree = "<group>"; };
		E5AEB12F29D7FC2A00E32865 /* To-doTests.xctest */ = {isa = PBXFileReference; explicitFileType = wrapper.cfbundle; includeInIndex = 0; path = "To-doTests.xctest"; sourceTree = BUILT_PRODUCTS_DIR; };
		E5AEB13329D7FC2A00E32865 /* To_doTests.swift */ = {isa = PBXFileReference; lastKnownFileType = sourcecode.swift; path = To_doTests.swift; sourceTree = "<group>"; };
		E5AEB13929D7FC2A00E32865 /* To-doUITests.xctest */ = {isa = PBXFileReference; explicitFileType = wrapper.cfbundle; includeInIndex = 0; path = "To-doUITests.xctest"; sourceTree = BUILT_PRODUCTS_DIR; };
		E5AEB13D29D7FC2A00E32865 /* To_doUITests.swift */ = {isa = PBXFileReference; lastKnownFileType = sourcecode.swift; path = To_doUITests.swift; sourceTree = "<group>"; };
		E5AEB13F29D7FC2A00E32865 /* To_doUITestsLaunchTests.swift */ = {isa = PBXFileReference; lastKnownFileType = sourcecode.swift; path = To_doUITestsLaunchTests.swift; sourceTree = "<group>"; };
		E5AEB14C29D8021800E32865 /* Secondview.swift */ = {isa = PBXFileReference; lastKnownFileType = sourcecode.swift; path = Secondview.swift; sourceTree = "<group>"; };
/* End PBXFileReference section */

/* Begin PBXFrameworksBuildPhase section */
		E5AEB11C29D7FC2900E32865 /* Frameworks */ = {
			isa = PBXFrameworksBuildPhase;
			buildActionMask = 2147483647;
			files = (
			);
			runOnlyForDeploymentPostprocessing = 0;
		};
		E5AEB12C29D7FC2A00E32865 /* Frameworks */ = {
			isa = PBXFrameworksBuildPhase;
			buildActionMask = 2147483647;
			files = (
			);
			runOnlyForDeploymentPostprocessing = 0;
		};
		E5AEB13629D7FC2A00E32865 /* Frameworks */ = {
			isa = PBXFrameworksBuildPhase;
			buildActionMask = 2147483647;
			files = (
			);
			runOnlyForDeploymentPostprocessing = 0;
		};
/* End PBXFrameworksBuildPhase section */

/* Begin PBXGroup section */
		E5AEB11629D7FC2900E32865 = {
			isa = PBXGroup;
			children = (
				E5AEB12129D7FC2900E32865 /* To-do */,
				E5AEB13229D7FC2A00E32865 /* To-doTests */,
				E5AEB13C29D7FC2A00E32865 /* To-doUITests */,
				E5AEB12029D7FC2900E32865 /* Products */,
			);
			sourceTree = "<group>";
		};
		E5AEB12029D7FC2900E32865 /* Products */ = {
			isa = PBXGroup;
			children = (
				E5AEB11F29D7FC2900E32865 /* To-do.app */,
				E5AEB12F29D7FC2A00E32865 /* To-doTests.xctest */,
				E5AEB13929D7FC2A00E32865 /* To-doUITests.xctest */,
			);
			name = Products;
			sourceTree = "<group>";
		};
		E5AEB12129D7FC2900E32865 /* To-do */ = {
			isa = PBXGroup;
			children = (
				E5AEB12229D7FC2900E32865 /* To_doApp.swift */,
				E5AEB12429D7FC2900E32865 /* mainview.swift */,
				E5AEB14C29D8021800E32865 /* Secondview.swift */,
				E5AEB12629D7FC2A00E32865 /* Assets.xcassets */,
				E5AEB12829D7FC2A00E32865 /* Preview Content */,
			);
			path = "To-do";
			sourceTree = "<group>";
		};
		E5AEB12829D7FC2A00E32865 /* Preview Content */ = {
			isa = PBXGroup;
			children = (
				E5AEB12929D7FC2A00E32865 /* Preview Assets.xcassets */,
			);
			path = "Preview Content";
			sourceTree = "<group>";
		};
		E5AEB13229D7FC2A00E32865 /* To-doTests */ = {
			isa = PBXGroup;
			children = (
				E5AEB13329D7FC2A00E32865 /* To_doTests.swift */,
			);
			path = "To-doTests";
			sourceTree = "<group>";
		};
		E5AEB13C29D7FC2A00E32865 /* To-doUITests */ = {
			isa = PBXGroup;
			children = (
				E5AEB13D29D7FC2A00E32865 /* To_doUITests.swift */,
				E5AEB13F29D7FC2A00E32865 /* To_doUITestsLaunchTests.swift */,
			);
			path = "To-doUITests";
			sourceTree = "<group>";
		};
/* End PBXGroup section */

/* Begin PBXNativeTarget section */
		E5AEB11E29D7FC2900E32865 /* To-do */ = {
			isa = PBXNativeTarget;
			buildConfigurationList = E5AEB14329D7FC2A00E32865 /* Build configuration list for PBXNativeTarget "To-do" */;
			buildPhases = (
				E5AEB11B29D7FC2900E32865 /* Sources */,
				E5AEB11C29D7FC2900E32865 /* Frameworks */,
				E5AEB11D29D7FC2900E32865 /* Resources */,
			);
			buildRules = (
			);
			dependencies = (
			);
			name = "To-do";
			productName = "To-do";
			productReference = E5AEB11F29D7FC2900E32865 /* To-do.app */;
			productType = "com.apple.product-type.application";
		};
		E5AEB12E29D7FC2A00E32865 /* To-doTests */ = {
			isa = PBXNativeTarget;
			buildConfigurationList = E5AEB14629D7FC2A00E32865 /* Build configuration list for PBXNativeTarget "To-doTests" */;
			buildPhases = (
				E5AEB12B29D7FC2A00E32865 /* Sources */,
				E5AEB12C29D7FC2A00E32865 /* Frameworks */,
				E5AEB12D29D7FC2A00E32865 /* Resources */,
			);
			buildRules = (
			);
			dependencies = (
				E5AEB13129D7FC2A00E32865 /* PBXTargetDependency */,
			);
			name = "To-doTests";
			productName = "To-doTests";
			productReference = E5AEB12F29D7FC2A00E32865 /* To-doTests.xctest */;
			productType = "com.apple.product-type.bundle.unit-test";
		};
		E5AEB13829D7FC2A00E32865 /* To-doUITests */ = {
			isa = PBXNativeTarget;
			buildConfigurationList = E5AEB14929D7FC2A00E32865 /* Build configuration list for PBXNativeTarget "To-doUITests" */;
			buildPhases = (
				E5AEB13529D7FC2A00E32865 /* Sources */,
				E5AEB13629D7FC2A00E32865 /* Frameworks */,
				E5AEB13729D7FC2A00E32865 /* Resources */,
			);
			buildRules = (
			);
			dependencies = (
				E5AEB13B29D7FC2A00E32865 /* PBXTargetDependency */,
			);
			name = "To-doUITests";
			productName = "To-doUITests";
			productReference = E5AEB13929D7FC2A00E32865 /* To-doUITests.xctest */;
			productType = "com.apple.product-type.bundle.ui-testing";
		};
/* End PBXNativeTarget section */

/* Begin PBXProject section */
		E5AEB11729D7FC2900E32865 /* Project object */ = {
			isa = PBXProject;
			attributes = {
				BuildIndependentTargetsInParallel = 1;
				LastSwiftUpdateCheck = 1430;
				LastUpgradeCheck = 1430;
				TargetAttributes = {
					E5AEB11E29D7FC2900E32865 = {
						CreatedOnToolsVersion = 14.3;
					};
					E5AEB12E29D7FC2A00E32865 = {
						CreatedOnToolsVersion = 14.3;
						TestTargetID = E5AEB11E29D7FC2900E32865;
					};
					E5AEB13829D7FC2A00E32865 = {
						CreatedOnToolsVersion = 14.3;
						TestTargetID = E5AEB11E29D7FC2900E32865;
					};
				};
			};
			buildConfigurationList = E5AEB11A29D7FC2900E32865 /* Build configuration list for PBXProject "To-do" */;
			compatibilityVersion = "Xcode 14.0";
			developmentRegion = en;
			hasScannedForEncodings = 0;
			knownRegions = (
				en,
				Base,
			);
			mainGroup = E5AEB11629D7FC2900E32865;
			productRefGroup = E5AEB12029D7FC2900E32865 /* Products */;
			projectDirPath = "";
			projectRoot = "";
			targets = (
				E5AEB11E29D7FC2900E32865 /* To-do */,
				E5AEB12E29D7FC2A00E32865 /* To-doTests */,
				E5AEB13829D7FC2A00E32865 /* To-doUITests */,
			);
		};
/* End PBXProject section */

/* Begin PBXResourcesBuildPhase section */
		E5AEB11D29D7FC2900E32865 /* Resources */ = {
			isa = PBXResourcesBuildPhase;
			buildActionMask = 2147483647;
			files = (
				E5AEB12A29D7FC2A00E32865 /* Preview Assets.xcassets in Resources */,
				E5AEB12729D7FC2A00E32865 /* Assets.xcassets in Resources */,
			);
			runOnlyForDeploymentPostprocessing = 0;
		};
		E5AEB12D29D7FC2A00E32865 /* Resources */ = {
			isa = PBXResourcesBuildPhase;
			buildActionMask = 2147483647;
			files = (
			);
			runOnlyForDeploymentPostprocessing = 0;
		};
		E5AEB13729D7FC2A00E32865 /* Resources */ = {
			isa = PBXResourcesBuildPhase;
			buildActionMask = 2147483647;
			files = (
			);
			runOnlyForDeploymentPostprocessing = 0;
		};
/* End PBXResourcesBuildPhase section */

/* Begin PBXSourcesBuildPhase section */
		E5AEB11B29D7FC2900E32865 /* Sources */ = {
			isa = PBXSourcesBuildPhase;
			buildActionMask = 2147483647;
			files = (
				E5AEB12529D7FC2900E32865 /* mainview.swift in Sources */,
				E5AEB14D29D8021800E32865 /* Secondview.swift in Sources */,
				E5AEB12329D7FC2900E32865 /* To_doApp.swift in Sources */,
			);
			runOnlyForDeploymentPostprocessing = 0;
		};
		E5AEB12B29D7FC2A00E32865 /* Sources */ = {
			isa = PBXSourcesBuildPhase;
			buildActionMask = 2147483647;
			files = (
				E5AEB13429D7FC2A00E32865 /* To_doTests.swift in Sources */,
			);
			runOnlyForDeploymentPostprocessing = 0;
		};
		E5AEB13529D7FC2A00E32865 /* Sources */ = {
			isa = PBXSourcesBuildPhase;
			buildActionMask = 2147483647;
			files = (
				E5AEB14029D7FC2A00E32865 /* To_doUITestsLaunchTests.swift in Sources */,
				E5AEB13E29D7FC2A00E32865 /* To_doUITests.swift in Sources */,
			);
			runOnlyForDeploymentPostprocessing = 0;
		};
/* End PBXSourcesBuildPhase section */

/* Begin PBXTargetDependency section */
		E5AEB13129D7FC2A00E32865 /* PBXTargetDependency */ = {
			isa = PBXTargetDependency;
			target = E5AEB11E29D7FC2900E32865 /* To-do */;
			targetProxy = E5AEB13029D7FC2A00E32865 /* PBXContainerItemProxy */;
		};
		E5AEB13B29D7FC2A00E32865 /* PBXTargetDependency */ = {
			isa = PBXTargetDependency;
			target = E5AEB11E29D7FC2900E32865 /* To-do */;
			targetProxy = E5AEB13A29D7FC2A00E32865 /* PBXContainerItemProxy */;
		};
/* End PBXTargetDependency section */

/* Begin XCBuildConfiguration section */
		E5AEB14129D7FC2A00E32865 /* Debug */ = {
			isa = XCBuildConfiguration;
			buildSettings = {
				ALWAYS_SEARCH_USER_PATHS = NO;
				CLANG_ANALYZER_NONNULL = YES;
				CLANG_ANALYZER_NUMBER_OBJECT_CONVERSION = YES_AGGRESSIVE;
				CLANG_CXX_LANGUAGE_STANDARD = "gnu++20";
				CLANG_ENABLE_MODULES = YES;
				CLANG_ENABLE_OBJC_ARC = YES;
				CLANG_ENABLE_OBJC_WEAK = YES;
				CLANG_WARN_BLOCK_CAPTURE_AUTORELEASING = YES;
				CLANG_WARN_BOOL_CONVERSION = YES;
				CLANG_WARN_COMMA = YES;
				CLANG_WARN_CONSTANT_CONVERSION = YES;
				CLANG_WARN_DEPRECATED_OBJC_IMPLEMENTATIONS = YES;
				CLANG_WARN_DIRECT_OBJC_ISA_USAGE = YES_ERROR;
				CLANG_WARN_DOCUMENTATION_COMMENTS = YES;
				CLANG_WARN_EMPTY_BODY = YES;
				CLANG_WARN_ENUM_CONVERSION = YES;
				CLANG_WARN_INFINITE_RECURSION = YES;
				CLANG_WARN_INT_CONVERSION = YES;
				CLANG_WARN_NON_LITERAL_NULL_CONVERSION = YES;
				CLANG_WARN_OBJC_IMPLICIT_RETAIN_SELF = YES;
				CLANG_WARN_OBJC_LITERAL_CONVERSION = YES;
				CLANG_WARN_OBJC_ROOT_CLASS = YES_ERROR;
				CLANG_WARN_QUOTED_INCLUDE_IN_FRAMEWORK_HEADER = YES;
				CLANG_WARN_RANGE_LOOP_ANALYSIS = YES;
				CLANG_WARN_STRICT_PROTOTYPES = YES;
				CLANG_WARN_SUSPICIOUS_MOVE = YES;
				CLANG_WARN_UNGUARDED_AVAILABILITY = YES_AGGRESSIVE;
				CLANG_WARN_UNREACHABLE_CODE = YES;
				CLANG_WARN__DUPLICATE_METHOD_MATCH = YES;
				COPY_PHASE_STRIP = NO;
				DEBUG_INFORMATION_FORMAT = dwarf;
				ENABLE_STRICT_OBJC_MSGSEND = YES;
				ENABLE_TESTABILITY = YES;
				GCC_C_LANGUAGE_STANDARD = gnu11;
				GCC_DYNAMIC_NO_PIC = NO;
				GCC_NO_COMMON_BLOCKS = YES;
				GCC_OPTIMIZATION_LEVEL = 0;
				GCC_PREPROCESSOR_DEFINITIONS = (
					"DEBUG=1",
					"$(inherited)",
				);
				GCC_WARN_64_TO_32_BIT_CONVERSION = YES;
				GCC_WARN_ABOUT_RETURN_TYPE = YES_ERROR;
				GCC_WARN_UNDECLARED_SELECTOR = YES;
				GCC_WARN_UNINITIALIZED_AUTOS = YES_AGGRESSIVE;
				GCC_WARN_UNUSED_FUNCTION = YES;
				GCC_WARN_UNUSED_VARIABLE = YES;
				IPHONEOS_DEPLOYMENT_TARGET = 16.4;
				MTL_ENABLE_DEBUG_INFO = INCLUDE_SOURCE;
				MTL_FAST_MATH = YES;
				ONLY_ACTIVE_ARCH = YES;
				SDKROOT = iphoneos;
				SWIFT_ACTIVE_COMPILATION_CONDITIONS = DEBUG;
				SWIFT_OPTIMIZATION_LEVEL = "-Onone";
			};
			name = Debug;
		};
		E5AEB14229D7FC2A00E32865 /* Release */ = {
			isa = XCBuildConfiguration;
			buildSettings = {
				ALWAYS_SEARCH_USER_PATHS = NO;
				CLANG_ANALYZER_NONNULL = YES;
				CLANG_ANALYZER_NUMBER_OBJECT_CONVERSION = YES_AGGRESSIVE;
				CLANG_CXX_LANGUAGE_STANDARD = "gnu++20";
				CLANG_ENABLE_MODULES = YES;
				CLANG_ENABLE_OBJC_ARC = YES;
				CLANG_ENABLE_OBJC_WEAK = YES;
				CLANG_WARN_BLOCK_CAPTURE_AUTORELEASING = YES;
				CLANG_WARN_BOOL_CONVERSION = YES;
				CLANG_WARN_COMMA = YES;
				CLANG_WARN_CONSTANT_CONVERSION = YES;
				CLANG_WARN_DEPRECATED_OBJC_IMPLEMENTATIONS = YES;
				CLANG_WARN_DIRECT_OBJC_ISA_USAGE = YES_ERROR;
				CLANG_WARN_DOCUMENTATION_COMMENTS = YES;
				CLANG_WARN_EMPTY_BODY = YES;
				CLANG_WARN_ENUM_CONVERSION = YES;
				CLANG_WARN_INFINITE_RECURSION = YES;
				CLANG_WARN_INT_CONVERSION = YES;
				CLANG_WARN_NON_LITERAL_NULL_CONVERSION = YES;
				CLANG_WARN_OBJC_IMPLICIT_RETAIN_SELF = YES;
				CLANG_WARN_OBJC_LITERAL_CONVERSION = YES;
				CLANG_WARN_OBJC_ROOT_CLASS = YES_ERROR;
				CLANG_WARN_QUOTED_INCLUDE_IN_FRAMEWORK_HEADER = YES;
				CLANG_WARN_RANGE_LOOP_ANALYSIS = YES;
				CLANG_WARN_STRICT_PROTOTYPES = YES;
				CLANG_WARN_SUSPICIOUS_MOVE = YES;
				CLANG_WARN_UNGUARDED_AVAILABILITY = YES_AGGRESSIVE;
				CLANG_WARN_UNREACHABLE_CODE = YES;
				CLANG_WARN__DUPLICATE_METHOD_MATCH = YES;
				COPY_PHASE_STRIP = NO;
				DEBUG_INFORMATION_FORMAT = "dwarf-with-dsym";
				ENABLE_NS_ASSERTIONS = NO;
				ENABLE_STRICT_OBJC_MSGSEND = YES;
				GCC_C_LANGUAGE_STANDARD = gnu11;
				GCC_NO_COMMON_BLOCKS = YES;
				GCC_WARN_64_TO_32_BIT_CONVERSION = YES;
				GCC_WARN_ABOUT_RETURN_TYPE = YES_ERROR;
				GCC_WARN_UNDECLARED_SELECTOR = YES;
				GCC_WARN_UNINITIALIZED_AUTOS = YES_AGGRESSIVE;
				GCC_WARN_UNUSED_FUNCTION = YES;
				GCC_WARN_UNUSED_VARIABLE = YES;
				IPHONEOS_DEPLOYMENT_TARGET = 16.4;
				MTL_ENABLE_DEBUG_INFO = NO;
				MTL_FAST_MATH = YES;
				SDKROOT = iphoneos;
				SWIFT_COMPILATION_MODE = wholemodule;
				SWIFT_OPTIMIZATION_LEVEL = "-O";
				VALIDATE_PRODUCT = YES;
			};
			name = Release;
		};
		E5AEB14429D7FC2A00E32865 /* Debug */ = {
			isa = XCBuildConfiguration;
			buildSettings = {
				ASSETCATALOG_COMPILER_APPICON_NAME = AppIcon;
				ASSETCATALOG_COMPILER_GLOBAL_ACCENT_COLOR_NAME = AccentColor;
				CODE_SIGN_STYLE = Automatic;
				CURRENT_PROJECT_VERSION = 1;
				DEVELOPMENT_ASSET_PATHS = "\"To-do/Preview Content\"";
				ENABLE_PREVIEWS = YES;
				GENERATE_INFOPLIST_FILE = YES;
				INFOPLIST_KEY_UIApplicationSceneManifest_Generation = YES;
				INFOPLIST_KEY_UIApplicationSupportsIndirectInputEvents = YES;
				INFOPLIST_KEY_UILaunchScreen_Generation = YES;
				INFOPLIST_KEY_UISupportedInterfaceOrientations_iPad = "UIInterfaceOrientationPortrait UIInterfaceOrientationPortraitUpsideDown UIInterfaceOrientationLandscapeLeft UIInterfaceOrientationLandscapeRight";
				INFOPLIST_KEY_UISupportedInterfaceOrientations_iPhone = "UIInterfaceOrientationPortrait UIInterfaceOrientationLandscapeLeft UIInterfaceOrientationLandscapeRight";
				LD_RUNPATH_SEARCH_PATHS = (
					"$(inherited)",
					"@executable_path/Frameworks",
				);
				MARKETING_VERSION = 1.0;
				PRODUCT_BUNDLE_IDENTIFIER = "leehyuna.To-do";
				PRODUCT_NAME = "$(TARGET_NAME)";
				SWIFT_EMIT_LOC_STRINGS = YES;
				SWIFT_VERSION = 5.0;
				TARGETED_DEVICE_FAMILY = "1,2";
			};
			name = Debug;
		};
		E5AEB14529D7FC2A00E32865 /* Release */ = {
			isa = XCBuildConfiguration;
			buildSettings = {
				ASSETCATALOG_COMPILER_APPICON_NAME = AppIcon;
				ASSETCATALOG_COMPILER_GLOBAL_ACCENT_COLOR_NAME = AccentColor;
				CODE_SIGN_STYLE = Automatic;
				CURRENT_PROJECT_VERSION = 1;
				DEVELOPMENT_ASSET_PATHS = "\"To-do/Preview Content\"";
				ENABLE_PREVIEWS = YES;
				GENERATE_INFOPLIST_FILE = YES;
				INFOPLIST_KEY_UIApplicationSceneManifest_Generation = YES;
				INFOPLIST_KEY_UIApplicationSupportsIndirectInputEvents = YES;
				INFOPLIST_KEY_UILaunchScreen_Generation = YES;
				INFOPLIST_KEY_UISupportedInterfaceOrientations_iPad = "UIInterfaceOrientationPortrait UIInterfaceOrientationPortraitUpsideDown UIInterfaceOrientationLandscapeLeft UIInterfaceOrientationLandscapeRight";
				INFOPLIST_KEY_UISupportedInterfaceOrientations_iPhone = "UIInterfaceOrientationPortrait UIInterfaceOrientationLandscapeLeft UIInterfaceOrientationLandscapeRight";
				LD_RUNPATH_SEARCH_PATHS = (
					"$(inherited)",
					"@executable_path/Frameworks",
				);
				MARKETING_VERSION = 1.0;
				PRODUCT_BUNDLE_IDENTIFIER = "leehyuna.To-do";
				PRODUCT_NAME = "$(TARGET_NAME)";
				SWIFT_EMIT_LOC_STRINGS = YES;
				SWIFT_VERSION = 5.0;
				TARGETED_DEVICE_FAMILY = "1,2";
			};
			name = Release;
		};
		E5AEB14729D7FC2A00E32865 /* Debug */ = {
			isa = XCBuildConfiguration;
			buildSettings = {
				ALWAYS_EMBED_SWIFT_STANDARD_LIBRARIES = YES;
				BUNDLE_LOADER = "$(TEST_HOST)";
				CODE_SIGN_STYLE = Automatic;
				CURRENT_PROJECT_VERSION = 1;
				GENERATE_INFOPLIST_FILE = YES;
				IPHONEOS_DEPLOYMENT_TARGET = 16.4;
				MARKETING_VERSION = 1.0;
				PRODUCT_BUNDLE_IDENTIFIER = "leehyuna.To-doTests";
				PRODUCT_NAME = "$(TARGET_NAME)";
				SWIFT_EMIT_LOC_STRINGS = NO;
				SWIFT_VERSION = 5.0;
				TARGETED_DEVICE_FAMILY = "1,2";
				TEST_HOST = "$(BUILT_PRODUCTS_DIR)/To-do.app/$(BUNDLE_EXECUTABLE_FOLDER_PATH)/To-do";
			};
			name = Debug;
		};
		E5AEB14829D7FC2A00E32865 /* Release */ = {
			isa = XCBuildConfiguration;
			buildSettings = {
				ALWAYS_EMBED_SWIFT_STANDARD_LIBRARIES = YES;
				BUNDLE_LOADER = "$(TEST_HOST)";
				CODE_SIGN_STYLE = Automatic;
				CURRENT_PROJECT_VERSION = 1;
				GENERATE_INFOPLIST_FILE = YES;
				IPHONEOS_DEPLOYMENT_TARGET = 16.4;
				MARKETING_VERSION = 1.0;
				PRODUCT_BUNDLE_IDENTIFIER = "leehyuna.To-doTests";
				PRODUCT_NAME = "$(TARGET_NAME)";
				SWIFT_EMIT_LOC_STRINGS = NO;
				SWIFT_VERSION = 5.0;
				TARGETED_DEVICE_FAMILY = "1,2";
				TEST_HOST = "$(BUILT_PRODUCTS_DIR)/To-do.app/$(BUNDLE_EXECUTABLE_FOLDER_PATH)/To-do";
			};
			name = Release;
		};
		E5AEB14A29D7FC2A00E32865 /* Debug */ = {
			isa = XCBuildConfiguration;
			buildSettings = {
				ALWAYS_EMBED_SWIFT_STANDARD_LIBRARIES = YES;
				CODE_SIGN_STYLE = Automatic;
				CURRENT_PROJECT_VERSION = 1;
				GENERATE_INFOPLIST_FILE = YES;
				MARKETING_VERSION = 1.0;
				PRODUCT_BUNDLE_IDENTIFIER = "leehyuna.To-doUITests";
				PRODUCT_NAME = "$(TARGET_NAME)";
				SWIFT_EMIT_LOC_STRINGS = NO;
				SWIFT_VERSION = 5.0;
				TARGETED_DEVICE_FAMILY = "1,2";
				TEST_TARGET_NAME = "To-do";
			};
			name = Debug;
		};
		E5AEB14B29D7FC2A00E32865 /* Release */ = {
			isa = XCBuildConfiguration;
			buildSettings = {
				ALWAYS_EMBED_SWIFT_STANDARD_LIBRARIES = YES;
				CODE_SIGN_STYLE = Automatic;
				CURRENT_PROJECT_VERSION = 1;
				GENERATE_INFOPLIST_FILE = YES;
				MARKETING_VERSION = 1.0;
				PRODUCT_BUNDLE_IDENTIFIER = "leehyuna.To-doUITests";
				PRODUCT_NAME = "$(TARGET_NAME)";
				SWIFT_EMIT_LOC_STRINGS = NO;
				SWIFT_VERSION = 5.0;
				TARGETED_DEVICE_FAMILY = "1,2";
				TEST_TARGET_NAME = "To-do";
			};
			name = Release;
		};
/* End XCBuildConfiguration section */

/* Begin XCConfigurationList section */
		E5AEB11A29D7FC2900E32865 /* Build configuration list for PBXProject "To-do" */ = {
			isa = XCConfigurationList;
			buildConfigurations = (
				E5AEB14129D7FC2A00E32865 /* Debug */,
				E5AEB14229D7FC2A00E32865 /* Release */,
			);
			defaultConfigurationIsVisible = 0;
			defaultConfigurationName = Release;
		};
		E5AEB14329D7FC2A00E32865 /* Build configuration list for PBXNativeTarget "To-do" */ = {
			isa = XCConfigurationList;
			buildConfigurations = (
				E5AEB14429D7FC2A00E32865 /* Debug */,
				E5AEB14529D7FC2A00E32865 /* Release */,
			);
			defaultConfigurationIsVisible = 0;
			defaultConfigurationName = Release;
		};
		E5AEB14629D7FC2A00E32865 /* Build configuration list for PBXNativeTarget "To-doTests" */ = {
			isa = XCConfigurationList;
			buildConfigurations = (
				E5AEB14729D7FC2A00E32865 /* Debug */,
				E5AEB14829D7FC2A00E32865 /* Release */,
			);
			defaultConfigurationIsVisible = 0;
			defaultConfigurationName = Release;
		};
		E5AEB14929D7FC2A00E32865 /* Build configuration list for PBXNativeTarget "To-doUITests" */ = {
			isa = XCConfigurationList;
			buildConfigurations = (
				E5AEB14A29D7FC2A00E32865 /* Debug */,
				E5AEB14B29D7FC2A00E32865 /* Release */,
			);
			defaultConfigurationIsVisible = 0;
			defaultConfigurationName = Release;
		};
/* End XCConfigurationList section */
	};
	rootObject = E5AEB11729D7FC2900E32865 /* Project object */;
}
